
Microsoft Visual Studio Solution File, Format Version 12.00
# Visual Studio Version 16
VisualStudioVersion = 16.0.31613.86
MinimumVisualStudioVersion = 10.0.40219.1
Project("{FAE04EC0-301F-11D3-BF4B-00C04F79EFBC}") = "WebApplication13", "WebApplication13.csproj", "{2603E285-7582-489E-A969-78838AC8D704}"
EndProject
Global
	GlobalSection(SolutionConfigurationPlatforms) = preSolution
		Debug|Any CPU = Debug|Any CPU
		Release|Any CPU = Release|Any CPU
	EndGlobalSection
	GlobalSection(ProjectConfigurationPlatforms) = postSolution
		{2603E285-7582-489E-A969-78838AC8D704}.Debug|Any CPU.ActiveCfg = Debug|Any CPU
		{2603E285-7582-489E-A969-78838AC8D704}.Debug|Any CPU.Build.0 = Debug|Any CPU
		{2603E285-7582-489E-A969-78838AC8D704}.Release|Any CPU.ActiveCfg = Release|Any CPU
		{2603E285-7582-489E-A969-78838AC8D704}.Release|Any CPU.Build.0 = Release|Any CPU
	EndGlobalSection
	GlobalSection(SolutionProperties) = preSolution
		HideSolutionNode = FALSE
	EndGlobalSection
	GlobalSection(ExtensibilityGlobals) = postSolution
		SolutionGuid = {B757A233-FAC8-459B-94D5-3BB8EA347565}
	EndGlobalSection
EndGlobal
