
Microsoft Visual Studio Solution File, Format Version 12.00
# Visual Studio Version 16
VisualStudioVersion = 16.0.31129.286
MinimumVisualStudioVersion = 10.0.40219.1
Project("{FAE04EC0-301F-11D3-BF4B-00C04F79EFBC}") = "BaseDeDatos1", "BaseDeDatos1\BaseDeDatos1.csproj", "{F5CB4CAC-9C70-4C84-8D35-78D3EE15D16A}"
EndProject
Global
	GlobalSection(SolutionConfigurationPlatforms) = preSolution
		Debug|Any CPU = Debug|Any CPU
		Release|Any CPU = Release|Any CPU
	EndGlobalSection
	GlobalSection(ProjectConfigurationPlatforms) = postSolution
		{F5CB4CAC-9C70-4C84-8D35-78D3EE15D16A}.Debug|Any CPU.ActiveCfg = Debug|Any CPU
		{F5CB4CAC-9C70-4C84-8D35-78D3EE15D16A}.Debug|Any CPU.Build.0 = Debug|Any CPU
		{F5CB4CAC-9C70-4C84-8D35-78D3EE15D16A}.Release|Any CPU.ActiveCfg = Release|Any CPU
		{F5CB4CAC-9C70-4C84-8D35-78D3EE15D16A}.Release|Any CPU.Build.0 = Release|Any CPU
	EndGlobalSection
	GlobalSection(SolutionProperties) = preSolution
		HideSolutionNode = FALSE
	EndGlobalSection
	GlobalSection(ExtensibilityGlobals) = postSolution
		SolutionGuid = {4E8C7EF6-B915-4F75-B46D-12B6A8706599}
	EndGlobalSection
EndGlobal
